// !$*UTF8*$!
{
	archiveVersion = 1;
	classes = {
	};
	objectVersion = 56;
	objects = {

/* Begin PBXBuildFile section */
		E105EED22BEA9BB600A9257F /* AppDelegate.swift in Sources */ = {isa = PBXBuildFile; fileRef = E105EED12BEA9BB600A9257F /* AppDelegate.swift */; };
		E105EED42BEA9BB600A9257F /* SceneDelegate.swift in Sources */ = {isa = PBXBuildFile; fileRef = E105EED32BEA9BB600A9257F /* SceneDelegate.swift */; };
		E105EED62BEA9BB600A9257F /* ChatVC.swift in Sources */ = {isa = PBXBuildFile; fileRef = E105EED52BEA9BB600A9257F /* ChatVC.swift */; };
		E105EEDB2BEA9BB800A9257F /* Assets.xcassets in Resources */ = {isa = PBXBuildFile; fileRef = E105EEDA2BEA9BB800A9257F /* Assets.xcassets */; };
		E105EEDE2BEA9BB800A9257F /* Base in Resources */ = {isa = PBXBuildFile; fileRef = E105EEDD2BEA9BB800A9257F /* Base */; };
		E105EEE92BEA9BB800A9257F /* GeminiCloneTests.swift in Sources */ = {isa = PBXBuildFile; fileRef = E105EEE82BEA9BB800A9257F /* GeminiCloneTests.swift */; };
		E105EEF32BEA9BB800A9257F /* GeminiCloneUITests.swift in Sources */ = {isa = PBXBuildFile; fileRef = E105EEF22BEA9BB800A9257F /* GeminiCloneUITests.swift */; };
		E105EEF52BEA9BB800A9257F /* GeminiCloneUITestsLaunchTests.swift in Sources */ = {isa = PBXBuildFile; fileRef = E105EEF42BEA9BB800A9257F /* GeminiCloneUITestsLaunchTests.swift */; };
		E14501E52C0E68C700F2D8E3 /* ChatViewModel.swift in Sources */ = {isa = PBXBuildFile; fileRef = E14501E42C0E68C700F2D8E3 /* ChatViewModel.swift */; };
		E1472A1A2C0E4B6A006AABF8 /* GoogleGenerativeAI in Frameworks */ = {isa = PBXBuildFile; productRef = E1472A192C0E4B6A006AABF8 /* GoogleGenerativeAI */; };
		E1472A1C2C0E4CA7006AABF8 /* GenerativeAI-Info.plist in Resources */ = {isa = PBXBuildFile; fileRef = E1472A1B2C0E4CA7006AABF8 /* GenerativeAI-Info.plist */; };
		E1472A1E2C0E4D2F006AABF8 /* APIKey.swift in Sources */ = {isa = PBXBuildFile; fileRef = E1472A1D2C0E4D2F006AABF8 /* APIKey.swift */; };
		E17C6FBB2C0F65F900456D9F /* ChatModel.swift in Sources */ = {isa = PBXBuildFile; fileRef = E17C6FBA2C0F65F900456D9F /* ChatModel.swift */; };
		E1A5CDD12BEBFF2D0030E31C /* ChatVCTableViewCell.swift in Sources */ = {isa = PBXBuildFile; fileRef = E1A5CDD02BEBFF2D0030E31C /* ChatVCTableViewCell.swift */; };
		E1E385642C1754D100C3028C /* UIViewController+Extension.swift in Sources */ = {isa = PBXBuildFile; fileRef = E1E385632C1754D100C3028C /* UIViewController+Extension.swift */; };
		E1E385662C17566B00C3028C /* AlertVC.swift in Sources */ = {isa = PBXBuildFile; fileRef = E1E385652C17566B00C3028C /* AlertVC.swift */; };
		E1E385682C17570000C3028C /* AlertContainerView.swift in Sources */ = {isa = PBXBuildFile; fileRef = E1E385672C17570000C3028C /* AlertContainerView.swift */; };
		E1E3A1232C14D3C50093CCB3 /* SwiftyMarkdown in Frameworks */ = {isa = PBXBuildFile; productRef = E1E3A1222C14D3C50093CCB3 /* SwiftyMarkdown */; };
		E1E43AF42C1DBAD2002BEB70 /* UserChatTableViewCell.swift in Sources */ = {isa = PBXBuildFile; fileRef = E1E43AF32C1DBAD2002BEB70 /* UserChatTableViewCell.swift */; };
		E1E43AF62C1DBAE3002BEB70 /* SystemChatTableViewCell.swift in Sources */ = {isa = PBXBuildFile; fileRef = E1E43AF52C1DBAE3002BEB70 /* SystemChatTableViewCell.swift */; };
		E1E43AF82C1DC7F7002BEB70 /* HapticsManager.swift in Sources */ = {isa = PBXBuildFile; fileRef = E1E43AF72C1DC7F7002BEB70 /* HapticsManager.swift */; };
		E1F9E6542C0106350076D633 /* WelcomeView.swift in Sources */ = {isa = PBXBuildFile; fileRef = E1F9E6532C0106350076D633 /* WelcomeView.swift */; };
		E1F9E6592C010D000076D633 /* UIImage+Extension.swift in Sources */ = {isa = PBXBuildFile; fileRef = E1F9E6582C010D000076D633 /* UIImage+Extension.swift */; };
		E1F9E65B2C010FF80076D633 /* UIView+Extension.swift in Sources */ = {isa = PBXBuildFile; fileRef = E1F9E65A2C010FF80076D633 /* UIView+Extension.swift */; };
		E1F9E65D2C01127F0076D633 /* WelcomeViewCollectionViewCell.swift in Sources */ = {isa = PBXBuildFile; fileRef = E1F9E65C2C01127F0076D633 /* WelcomeViewCollectionViewCell.swift */; };
		E1F9E65F2C0115BB0076D633 /* PromptModel.swift in Sources */ = {isa = PBXBuildFile; fileRef = E1F9E65E2C0115BB0076D633 /* PromptModel.swift */; };
		E1F9E6612C0116000076D633 /* PromptManager.swift in Sources */ = {isa = PBXBuildFile; fileRef = E1F9E6602C0116000076D633 /* PromptManager.swift */; };
/* End PBXBuildFile section */

/* Begin PBXContainerItemProxy section */
		E105EEE52BEA9BB800A9257F /* PBXContainerItemProxy */ = {
			isa = PBXContainerItemProxy;
			containerPortal = E105EEC62BEA9BB600A9257F /* Project object */;
			proxyType = 1;
			remoteGlobalIDString = E105EECD2BEA9BB600A9257F;
			remoteInfo = GeminiClone;
		};
		E105EEEF2BEA9BB800A9257F /* PBXContainerItemProxy */ = {
			isa = PBXContainerItemProxy;
			containerPortal = E105EEC62BEA9BB600A9257F /* Project object */;
			proxyType = 1;
			remoteGlobalIDString = E105EECD2BEA9BB600A9257F;
			remoteInfo = GeminiClone;
		};
/* End PBXContainerItemProxy section */

/* Begin PBXFileReference section */
		E105EECE2BEA9BB600A9257F /* GeminiClone.app */ = {isa = PBXFileReference; explicitFileType = wrapper.application; includeInIndex = 0; path = GeminiClone.app; sourceTree = BUILT_PRODUCTS_DIR; };
		E105EED12BEA9BB600A9257F /* AppDelegate.swift */ = {isa = PBXFileReference; lastKnownFileType = sourcecode.swift; path = AppDelegate.swift; sourceTree = "<group>"; };
		E105EED32BEA9BB600A9257F /* SceneDelegate.swift */ = {isa = PBXFileReference; lastKnownFileType = sourcecode.swift; path = SceneDelegate.swift; sourceTree = "<group>"; };
		E105EED52BEA9BB600A9257F /* ChatVC.swift */ = {isa = PBXFileReference; lastKnownFileType = sourcecode.swift; path = ChatVC.swift; sourceTree = "<group>"; };
		E105EEDA2BEA9BB800A9257F /* Assets.xcassets */ = {isa = PBXFileReference; lastKnownFileType = folder.assetcatalog; path = Assets.xcassets; sourceTree = "<group>"; };
		E105EEDD2BEA9BB800A9257F /* Base */ = {isa = PBXFileReference; lastKnownFileType = file.storyboard; name = Base; path = Base.lproj/LaunchScreen.storyboard; sourceTree = "<group>"; };
		E105EEDF2BEA9BB800A9257F /* Info.plist */ = {isa = PBXFileReference; lastKnownFileType = text.plist.xml; path = Info.plist; sourceTree = "<group>"; };
		E105EEE42BEA9BB800A9257F /* GeminiCloneTests.xctest */ = {isa = PBXFileReference; explicitFileType = wrapper.cfbundle; includeInIndex = 0; path = GeminiCloneTests.xctest; sourceTree = BUILT_PRODUCTS_DIR; };
		E105EEE82BEA9BB800A9257F /* GeminiCloneTests.swift */ = {isa = PBXFileReference; lastKnownFileType = sourcecode.swift; path = GeminiCloneTests.swift; sourceTree = "<group>"; };
		E105EEEE2BEA9BB800A9257F /* GeminiCloneUITests.xctest */ = {isa = PBXFileReference; explicitFileType = wrapper.cfbundle; includeInIndex = 0; path = GeminiCloneUITests.xctest; sourceTree = BUILT_PRODUCTS_DIR; };
		E105EEF22BEA9BB800A9257F /* GeminiCloneUITests.swift */ = {isa = PBXFileReference; lastKnownFileType = sourcecode.swift; path = GeminiCloneUITests.swift; sourceTree = "<group>"; };
		E105EEF42BEA9BB800A9257F /* GeminiCloneUITestsLaunchTests.swift */ = {isa = PBXFileReference; lastKnownFileType = sourcecode.swift; path = GeminiCloneUITestsLaunchTests.swift; sourceTree = "<group>"; };
		E14501E42C0E68C700F2D8E3 /* ChatViewModel.swift */ = {isa = PBXFileReference; lastKnownFileType = sourcecode.swift; path = ChatViewModel.swift; sourceTree = "<group>"; };
		E1472A1B2C0E4CA7006AABF8 /* GenerativeAI-Info.plist */ = {isa = PBXFileReference; lastKnownFileType = text.plist.xml; path = "GenerativeAI-Info.plist"; sourceTree = "<group>"; };
		E1472A1D2C0E4D2F006AABF8 /* APIKey.swift */ = {isa = PBXFileReference; lastKnownFileType = sourcecode.swift; path = APIKey.swift; sourceTree = "<group>"; };
		E17C6FBA2C0F65F900456D9F /* ChatModel.swift */ = {isa = PBXFileReference; lastKnownFileType = sourcecode.swift; path = ChatModel.swift; sourceTree = "<group>"; };
		E1A5CDD02BEBFF2D0030E31C /* ChatVCTableViewCell.swift */ = {isa = PBXFileReference; lastKnownFileType = sourcecode.swift; path = ChatVCTableViewCell.swift; sourceTree = "<group>"; };
		E1E385632C1754D100C3028C /* UIViewController+Extension.swift */ = {isa = PBXFileReference; lastKnownFileType = sourcecode.swift; path = "UIViewController+Extension.swift"; sourceTree = "<group>"; };
		E1E385652C17566B00C3028C /* AlertVC.swift */ = {isa = PBXFileReference; lastKnownFileType = sourcecode.swift; path = AlertVC.swift; sourceTree = "<group>"; };
		E1E385672C17570000C3028C /* AlertContainerView.swift */ = {isa = PBXFileReference; lastKnownFileType = sourcecode.swift; path = AlertContainerView.swift; sourceTree = "<group>"; };
		E1E43AF32C1DBAD2002BEB70 /* UserChatTableViewCell.swift */ = {isa = PBXFileReference; lastKnownFileType = sourcecode.swift; path = UserChatTableViewCell.swift; sourceTree = "<group>"; };
		E1E43AF52C1DBAE3002BEB70 /* SystemChatTableViewCell.swift */ = {isa = PBXFileReference; lastKnownFileType = sourcecode.swift; path = SystemChatTableViewCell.swift; sourceTree = "<group>"; };
		E1E43AF72C1DC7F7002BEB70 /* HapticsManager.swift */ = {isa = PBXFileReference; lastKnownFileType = sourcecode.swift; path = HapticsManager.swift; sourceTree = "<group>"; };
		E1F9E6532C0106350076D633 /* WelcomeView.swift */ = {isa = PBXFileReference; lastKnownFileType = sourcecode.swift; path = WelcomeView.swift; sourceTree = "<group>"; };
		E1F9E6582C010D000076D633 /* UIImage+Extension.swift */ = {isa = PBXFileReference; lastKnownFileType = sourcecode.swift; path = "UIImage+Extension.swift"; sourceTree = "<group>"; };
		E1F9E65A2C010FF80076D633 /* UIView+Extension.swift */ = {isa = PBXFileReference; lastKnownFileType = sourcecode.swift; path = "UIView+Extension.swift"; sourceTree = "<group>"; };
		E1F9E65C2C01127F0076D633 /* WelcomeViewCollectionViewCell.swift */ = {isa = PBXFileReference; lastKnownFileType = sourcecode.swift; path = WelcomeViewCollectionViewCell.swift; sourceTree = "<group>"; };
		E1F9E65E2C0115BB0076D633 /* PromptModel.swift */ = {isa = PBXFileReference; lastKnownFileType = sourcecode.swift; path = PromptModel.swift; sourceTree = "<group>"; };
		E1F9E6602C0116000076D633 /* PromptManager.swift */ = {isa = PBXFileReference; lastKnownFileType = sourcecode.swift; path = PromptManager.swift; sourceTree = "<group>"; };
/* End PBXFileReference section */

/* Begin PBXFrameworksBuildPhase section */
		E105EECB2BEA9BB600A9257F /* Frameworks */ = {
			isa = PBXFrameworksBuildPhase;
			buildActionMask = 2147483647;
			files = (
				E1472A1A2C0E4B6A006AABF8 /* GoogleGenerativeAI in Frameworks */,
				E1E3A1232C14D3C50093CCB3 /* SwiftyMarkdown in Frameworks */,
			);
			runOnlyForDeploymentPostprocessing = 0;
		};
		E105EEE12BEA9BB800A9257F /* Frameworks */ = {
			isa = PBXFrameworksBuildPhase;
			buildActionMask = 2147483647;
			files = (
			);
			runOnlyForDeploymentPostprocessing = 0;
		};
		E105EEEB2BEA9BB800A9257F /* Frameworks */ = {
			isa = PBXFrameworksBuildPhase;
			buildActionMask = 2147483647;
			files = (
			);
			runOnlyForDeploymentPostprocessing = 0;
		};
/* End PBXFrameworksBuildPhase section */

/* Begin PBXGroup section */
		E105EEC52BEA9BB600A9257F = {
			isa = PBXGroup;
			children = (
				E105EED02BEA9BB600A9257F /* GeminiClone */,
				E105EEE72BEA9BB800A9257F /* GeminiCloneTests */,
				E105EEF12BEA9BB800A9257F /* GeminiCloneUITests */,
				E105EECF2BEA9BB600A9257F /* Products */,
			);
			sourceTree = "<group>";
		};
		E105EECF2BEA9BB600A9257F /* Products */ = {
			isa = PBXGroup;
			children = (
				E105EECE2BEA9BB600A9257F /* GeminiClone.app */,
				E105EEE42BEA9BB800A9257F /* GeminiCloneTests.xctest */,
				E105EEEE2BEA9BB800A9257F /* GeminiCloneUITests.xctest */,
			);
			name = Products;
			sourceTree = "<group>";
		};
		E105EED02BEA9BB600A9257F /* GeminiClone */ = {
			isa = PBXGroup;
			children = (
				E1A5CDCD2BEBFEED0030E31C /* Delegates */,
				E1A5CDC92BEBFECD0030E31C /* Manager */,
				E1A5CDCA2BEBFED70030E31C /* Model */,
				E1A5CDCB2BEBFEDD0030E31C /* View */,
				E1A5CDCC2BEBFEE40030E31C /* ViewModel */,
				E1F9E6552C010CC30076D633 /* Resources */,
				E105EEDF2BEA9BB800A9257F /* Info.plist */,
				E1472A1B2C0E4CA7006AABF8 /* GenerativeAI-Info.plist */,
			);
			path = GeminiClone;
			sourceTree = "<group>";
		};
		E105EEE72BEA9BB800A9257F /* GeminiCloneTests */ = {
			isa = PBXGroup;
			children = (
				E105EEE82BEA9BB800A9257F /* GeminiCloneTests.swift */,
			);
			path = GeminiCloneTests;
			sourceTree = "<group>";
		};
		E105EEF12BEA9BB800A9257F /* GeminiCloneUITests */ = {
			isa = PBXGroup;
			children = (
				E105EEF22BEA9BB800A9257F /* GeminiCloneUITests.swift */,
				E105EEF42BEA9BB800A9257F /* GeminiCloneUITestsLaunchTests.swift */,
			);
			path = GeminiCloneUITests;
			sourceTree = "<group>";
		};
		E1A5CDC92BEBFECD0030E31C /* Manager */ = {
			isa = PBXGroup;
			children = (
				E1F9E6602C0116000076D633 /* PromptManager.swift */,
				E1E43AF72C1DC7F7002BEB70 /* HapticsManager.swift */,
				E1472A1D2C0E4D2F006AABF8 /* APIKey.swift */,
			);
			path = Manager;
			sourceTree = "<group>";
		};
		E1A5CDCA2BEBFED70030E31C /* Model */ = {
			isa = PBXGroup;
			children = (
				E1F9E65E2C0115BB0076D633 /* PromptModel.swift */,
				E17C6FBA2C0F65F900456D9F /* ChatModel.swift */,
			);
			path = Model;
			sourceTree = "<group>";
		};
		E1A5CDCB2BEBFEDD0030E31C /* View */ = {
			isa = PBXGroup;
			children = (
				E1F9E6502C01060A0076D633 /* Views */,
				E1A5CDCE2BEBFF060030E31C /* Controllers */,
				E1A5CDCF2BEBFF0C0030E31C /* Cells */,
			);
			path = View;
			sourceTree = "<group>";
		};
		E1A5CDCC2BEBFEE40030E31C /* ViewModel */ = {
			isa = PBXGroup;
			children = (
				E14501E42C0E68C700F2D8E3 /* ChatViewModel.swift */,
			);
			path = ViewModel;
			sourceTree = "<group>";
		};
		E1A5CDCD2BEBFEED0030E31C /* Delegates */ = {
			isa = PBXGroup;
			children = (
				E105EED12BEA9BB600A9257F /* AppDelegate.swift */,
				E105EED32BEA9BB600A9257F /* SceneDelegate.swift */,
				E105EEDA2BEA9BB800A9257F /* Assets.xcassets */,
				E105EEDC2BEA9BB800A9257F /* LaunchScreen.storyboard */,
			);
			path = Delegates;
			sourceTree = "<group>";
		};
		E1A5CDCE2BEBFF060030E31C /* Controllers */ = {
			isa = PBXGroup;
			children = (
				E105EED52BEA9BB600A9257F /* ChatVC.swift */,
				E1E385652C17566B00C3028C /* AlertVC.swift */,
			);
			path = Controllers;
			sourceTree = "<group>";
		};
		E1A5CDCF2BEBFF0C0030E31C /* Cells */ = {
			isa = PBXGroup;
			children = (
				E1E43AF32C1DBAD2002BEB70 /* UserChatTableViewCell.swift */,
				E1E43AF52C1DBAE3002BEB70 /* SystemChatTableViewCell.swift */,
				E1A5CDD02BEBFF2D0030E31C /* ChatVCTableViewCell.swift */,
				E1F9E65C2C01127F0076D633 /* WelcomeViewCollectionViewCell.swift */,
			);
			path = Cells;
			sourceTree = "<group>";
		};
		E1F9E6502C01060A0076D633 /* Views */ = {
			isa = PBXGroup;
			children = (
				E1F9E6532C0106350076D633 /* WelcomeView.swift */,
				E1E385672C17570000C3028C /* AlertContainerView.swift */,
			);
			path = Views;
			sourceTree = "<group>";
		};
		E1F9E6552C010CC30076D633 /* Resources */ = {
			isa = PBXGroup;
			children = (
				E1F9E6582C010D000076D633 /* UIImage+Extension.swift */,
				E1F9E65A2C010FF80076D633 /* UIView+Extension.swift */,
				E1E385632C1754D100C3028C /* UIViewController+Extension.swift */,
			);
			path = Resources;
			sourceTree = "<group>";
		};
/* End PBXGroup section */

/* Begin PBXNativeTarget section */
		E105EECD2BEA9BB600A9257F /* GeminiClone */ = {
			isa = PBXNativeTarget;
			buildConfigurationList = E105EEF82BEA9BB800A9257F /* Build configuration list for PBXNativeTarget "GeminiClone" */;
			buildPhases = (
				E105EECA2BEA9BB600A9257F /* Sources */,
				E105EECB2BEA9BB600A9257F /* Frameworks */,
				E105EECC2BEA9BB600A9257F /* Resources */,
			);
			buildRules = (
			);
			dependencies = (
			);
			name = GeminiClone;
			packageProductDependencies = (
				E1472A192C0E4B6A006AABF8 /* GoogleGenerativeAI */,
				E1E3A1222C14D3C50093CCB3 /* SwiftyMarkdown */,
			);
			productName = GeminiClone;
			productReference = E105EECE2BEA9BB600A9257F /* GeminiClone.app */;
			productType = "com.apple.product-type.application";
		};
		E105EEE32BEA9BB800A9257F /* GeminiCloneTests */ = {
			isa = PBXNativeTarget;
			buildConfigurationList = E105EEFB2BEA9BB800A9257F /* Build configuration list for PBXNativeTarget "GeminiCloneTests" */;
			buildPhases = (
				E105EEE02BEA9BB800A9257F /* Sources */,
				E105EEE12BEA9BB800A9257F /* Frameworks */,
				E105EEE22BEA9BB800A9257F /* Resources */,
			);
			buildRules = (
			);
			dependencies = (
				E105EEE62BEA9BB800A9257F /* PBXTargetDependency */,
			);
			name = GeminiCloneTests;
			productName = GeminiCloneTests;
			productReference = E105EEE42BEA9BB800A9257F /* GeminiCloneTests.xctest */;
			productType = "com.apple.product-type.bundle.unit-test";
		};
		E105EEED2BEA9BB800A9257F /* GeminiCloneUITests */ = {
			isa = PBXNativeTarget;
			buildConfigurationList = E105EEFE2BEA9BB800A9257F /* Build configuration list for PBXNativeTarget "GeminiCloneUITests" */;
			buildPhases = (
				E105EEEA2BEA9BB800A9257F /* Sources */,
				E105EEEB2BEA9BB800A9257F /* Frameworks */,
				E105EEEC2BEA9BB800A9257F /* Resources */,
			);
			buildRules = (
			);
			dependencies = (
				E105EEF02BEA9BB800A9257F /* PBXTargetDependency */,
			);
			name = GeminiCloneUITests;
			productName = GeminiCloneUITests;
			productReference = E105EEEE2BEA9BB800A9257F /* GeminiCloneUITests.xctest */;
			productType = "com.apple.product-type.bundle.ui-testing";
		};
/* End PBXNativeTarget section */

/* Begin PBXProject section */
		E105EEC62BEA9BB600A9257F /* Project object */ = {
			isa = PBXProject;
			attributes = {
				BuildIndependentTargetsInParallel = 1;
				LastSwiftUpdateCheck = 1530;
				LastUpgradeCheck = 1530;
				TargetAttributes = {
					E105EECD2BEA9BB600A9257F = {
						CreatedOnToolsVersion = 15.3;
					};
					E105EEE32BEA9BB800A9257F = {
						CreatedOnToolsVersion = 15.3;
						TestTargetID = E105EECD2BEA9BB600A9257F;
					};
					E105EEED2BEA9BB800A9257F = {
						CreatedOnToolsVersion = 15.3;
						TestTargetID = E105EECD2BEA9BB600A9257F;
					};
				};
			};
			buildConfigurationList = E105EEC92BEA9BB600A9257F /* Build configuration list for PBXProject "GeminiClone" */;
			compatibilityVersion = "Xcode 14.0";
			developmentRegion = en;
			hasScannedForEncodings = 0;
			knownRegions = (
				en,
				Base,
			);
			mainGroup = E105EEC52BEA9BB600A9257F;
			packageReferences = (
				E1472A182C0E4B6A006AABF8 /* XCRemoteSwiftPackageReference "generative-ai-swift" */,
				E1E3A1212C14D3C50093CCB3 /* XCRemoteSwiftPackageReference "SwiftyMarkdown" */,
			);
			productRefGroup = E105EECF2BEA9BB600A9257F /* Products */;
			projectDirPath = "";
			projectRoot = "";
			targets = (
				E105EECD2BEA9BB600A9257F /* GeminiClone */,
				E105EEE32BEA9BB800A9257F /* GeminiCloneTests */,
				E105EEED2BEA9BB800A9257F /* GeminiCloneUITests */,
			);
		};
/* End PBXProject section */

/* Begin PBXResourcesBuildPhase section */
		E105EECC2BEA9BB600A9257F /* Resources */ = {
			isa = PBXResourcesBuildPhase;
			buildActionMask = 2147483647;
			files = (
				E105EEDB2BEA9BB800A9257F /* Assets.xcassets in Resources */,
				E105EEDE2BEA9BB800A9257F /* Base in Resources */,
				E1472A1C2C0E4CA7006AABF8 /* GenerativeAI-Info.plist in Resources */,
			);
			runOnlyForDeploymentPostprocessing = 0;
		};
		E105EEE22BEA9BB800A9257F /* Resources */ = {
			isa = PBXResourcesBuildPhase;
			buildActionMask = 2147483647;
			files = (
			);
			runOnlyForDeploymentPostprocessing = 0;
		};
		E105EEEC2BEA9BB800A9257F /* Resources */ = {
			isa = PBXResourcesBuildPhase;
			buildActionMask = 2147483647;
			files = (
			);
			runOnlyForDeploymentPostprocessing = 0;
		};
/* End PBXResourcesBuildPhase section */

/* Begin PBXSourcesBuildPhase section */
		E105EECA2BEA9BB600A9257F /* Sources */ = {
			isa = PBXSourcesBuildPhase;
			buildActionMask = 2147483647;
			files = (
				E1F9E6542C0106350076D633 /* WelcomeView.swift in Sources */,
				E1F9E65B2C010FF80076D633 /* UIView+Extension.swift in Sources */,
				E1E43AF42C1DBAD2002BEB70 /* UserChatTableViewCell.swift in Sources */,
				E1A5CDD12BEBFF2D0030E31C /* ChatVCTableViewCell.swift in Sources */,
				E1E385642C1754D100C3028C /* UIViewController+Extension.swift in Sources */,
				E105EED62BEA9BB600A9257F /* ChatVC.swift in Sources */,
				E1F9E65F2C0115BB0076D633 /* PromptModel.swift in Sources */,
				E1F9E65D2C01127F0076D633 /* WelcomeViewCollectionViewCell.swift in Sources */,
				E1E385682C17570000C3028C /* AlertContainerView.swift in Sources */,
				E1F9E6592C010D000076D633 /* UIImage+Extension.swift in Sources */,
				E105EED22BEA9BB600A9257F /* AppDelegate.swift in Sources */,
				E1E385662C17566B00C3028C /* AlertVC.swift in Sources */,
				E1E43AF62C1DBAE3002BEB70 /* SystemChatTableViewCell.swift in Sources */,
				E105EED42BEA9BB600A9257F /* SceneDelegate.swift in Sources */,
				E1472A1E2C0E4D2F006AABF8 /* APIKey.swift in Sources */,
				E14501E52C0E68C700F2D8E3 /* ChatViewModel.swift in Sources */,
				E17C6FBB2C0F65F900456D9F /* ChatModel.swift in Sources */,
				E1E43AF82C1DC7F7002BEB70 /* HapticsManager.swift in Sources */,
				E1F9E6612C0116000076D633 /* PromptManager.swift in Sources */,
			);
			runOnlyForDeploymentPostprocessing = 0;
		};
		E105EEE02BEA9BB800A9257F /* Sources */ = {
			isa = PBXSourcesBuildPhase;
			buildActionMask = 2147483647;
			files = (
				E105EEE92BEA9BB800A9257F /* GeminiCloneTests.swift in Sources */,
			);
			runOnlyForDeploymentPostprocessing = 0;
		};
		E105EEEA2BEA9BB800A9257F /* Sources */ = {
			isa = PBXSourcesBuildPhase;
			buildActionMask = 2147483647;
			files = (
				E105EEF32BEA9BB800A9257F /* GeminiCloneUITests.swift in Sources */,
				E105EEF52BEA9BB800A9257F /* GeminiCloneUITestsLaunchTests.swift in Sources */,
			);
			runOnlyForDeploymentPostprocessing = 0;
		};
/* End PBXSourcesBuildPhase section */

/* Begin PBXTargetDependency section */
		E105EEE62BEA9BB800A9257F /* PBXTargetDependency */ = {
			isa = PBXTargetDependency;
			target = E105EECD2BEA9BB600A9257F /* GeminiClone */;
			targetProxy = E105EEE52BEA9BB800A9257F /* PBXContainerItemProxy */;
		};
		E105EEF02BEA9BB800A9257F /* PBXTargetDependency */ = {
			isa = PBXTargetDependency;
			target = E105EECD2BEA9BB600A9257F /* GeminiClone */;
			targetProxy = E105EEEF2BEA9BB800A9257F /* PBXContainerItemProxy */;
		};
/* End PBXTargetDependency section */

/* Begin PBXVariantGroup section */
		E105EEDC2BEA9BB800A9257F /* LaunchScreen.storyboard */ = {
			isa = PBXVariantGroup;
			children = (
				E105EEDD2BEA9BB800A9257F /* Base */,
			);
			name = LaunchScreen.storyboard;
			sourceTree = "<group>";
		};
/* End PBXVariantGroup section */

/* Begin XCBuildConfiguration section */
		E105EEF62BEA9BB800A9257F /* Debug */ = {
			isa = XCBuildConfiguration;
			buildSettings = {
				ALWAYS_SEARCH_USER_PATHS = NO;
				ASSETCATALOG_COMPILER_GENERATE_SWIFT_ASSET_SYMBOL_EXTENSIONS = YES;
				CLANG_ANALYZER_NONNULL = YES;
				CLANG_ANALYZER_NUMBER_OBJECT_CONVERSION = YES_AGGRESSIVE;
				CLANG_CXX_LANGUAGE_STANDARD = "gnu++20";
				CLANG_ENABLE_MODULES = YES;
				CLANG_ENABLE_OBJC_ARC = YES;
				CLANG_ENABLE_OBJC_WEAK = YES;
				CLANG_WARN_BLOCK_CAPTURE_AUTORELEASING = YES;
				CLANG_WARN_BOOL_CONVERSION = YES;
				CLANG_WARN_COMMA = YES;
				CLANG_WARN_CONSTANT_CONVERSION = YES;
				CLANG_WARN_DEPRECATED_OBJC_IMPLEMENTATIONS = YES;
				CLANG_WARN_DIRECT_OBJC_ISA_USAGE = YES_ERROR;
				CLANG_WARN_DOCUMENTATION_COMMENTS = YES;
				CLANG_WARN_EMPTY_BODY = YES;
				CLANG_WARN_ENUM_CONVERSION = YES;
				CLANG_WARN_INFINITE_RECURSION = YES;
				CLANG_WARN_INT_CONVERSION = YES;
				CLANG_WARN_NON_LITERAL_NULL_CONVERSION = YES;
				CLANG_WARN_OBJC_IMPLICIT_RETAIN_SELF = YES;
				CLANG_WARN_OBJC_LITERAL_CONVERSION = YES;
				CLANG_WARN_OBJC_ROOT_CLASS = YES_ERROR;
				CLANG_WARN_QUOTED_INCLUDE_IN_FRAMEWORK_HEADER = YES;
				CLANG_WARN_RANGE_LOOP_ANALYSIS = YES;
				CLANG_WARN_STRICT_PROTOTYPES = YES;
				CLANG_WARN_SUSPICIOUS_MOVE = YES;
				CLANG_WARN_UNGUARDED_AVAILABILITY = YES_AGGRESSIVE;
				CLANG_WARN_UNREACHABLE_CODE = YES;
				CLANG_WARN__DUPLICATE_METHOD_MATCH = YES;
				COPY_PHASE_STRIP = NO;
				DEBUG_INFORMATION_FORMAT = dwarf;
				ENABLE_STRICT_OBJC_MSGSEND = YES;
				ENABLE_TESTABILITY = YES;
				ENABLE_USER_SCRIPT_SANDBOXING = YES;
				GCC_C_LANGUAGE_STANDARD = gnu17;
				GCC_DYNAMIC_NO_PIC = NO;
				GCC_NO_COMMON_BLOCKS = YES;
				GCC_OPTIMIZATION_LEVEL = 0;
				GCC_PREPROCESSOR_DEFINITIONS = (
					"DEBUG=1",
					"$(inherited)",
				);
				GCC_WARN_64_TO_32_BIT_CONVERSION = YES;
				GCC_WARN_ABOUT_RETURN_TYPE = YES_ERROR;
				GCC_WARN_UNDECLARED_SELECTOR = YES;
				GCC_WARN_UNINITIALIZED_AUTOS = YES_AGGRESSIVE;
				GCC_WARN_UNUSED_FUNCTION = YES;
				GCC_WARN_UNUSED_VARIABLE = YES;
				IPHONEOS_DEPLOYMENT_TARGET = 17.4;
				LOCALIZATION_PREFERS_STRING_CATALOGS = YES;
				MTL_ENABLE_DEBUG_INFO = INCLUDE_SOURCE;
				MTL_FAST_MATH = YES;
				ONLY_ACTIVE_ARCH = YES;
				SDKROOT = iphoneos;
				SWIFT_ACTIVE_COMPILATION_CONDITIONS = "DEBUG $(inherited)";
				SWIFT_OPTIMIZATION_LEVEL = "-Onone";
				SWIFT_VERSION = 5.0;
			};
			name = Debug;
		};
		E105EEF72BEA9BB800A9257F /* Release */ = {
			isa = XCBuildConfiguration;
			buildSettings = {
				ALWAYS_SEARCH_USER_PATHS = NO;
				ASSETCATALOG_COMPILER_GENERATE_SWIFT_ASSET_SYMBOL_EXTENSIONS = YES;
				CLANG_ANALYZER_NONNULL = YES;
				CLANG_ANALYZER_NUMBER_OBJECT_CONVERSION = YES_AGGRESSIVE;
				CLANG_CXX_LANGUAGE_STANDARD = "gnu++20";
				CLANG_ENABLE_MODULES = YES;
				CLANG_ENABLE_OBJC_ARC = YES;
				CLANG_ENABLE_OBJC_WEAK = YES;
				CLANG_WARN_BLOCK_CAPTURE_AUTORELEASING = YES;
				CLANG_WARN_BOOL_CONVERSION = YES;
				CLANG_WARN_COMMA = YES;
				CLANG_WARN_CONSTANT_CONVERSION = YES;
				CLANG_WARN_DEPRECATED_OBJC_IMPLEMENTATIONS = YES;
				CLANG_WARN_DIRECT_OBJC_ISA_USAGE = YES_ERROR;
				CLANG_WARN_DOCUMENTATION_COMMENTS = YES;
				CLANG_WARN_EMPTY_BODY = YES;
				CLANG_WARN_ENUM_CONVERSION = YES;
				CLANG_WARN_INFINITE_RECURSION = YES;
				CLANG_WARN_INT_CONVERSION = YES;
				CLANG_WARN_NON_LITERAL_NULL_CONVERSION = YES;
				CLANG_WARN_OBJC_IMPLICIT_RETAIN_SELF = YES;
				CLANG_WARN_OBJC_LITERAL_CONVERSION = YES;
				CLANG_WARN_OBJC_ROOT_CLASS = YES_ERROR;
				CLANG_WARN_QUOTED_INCLUDE_IN_FRAMEWORK_HEADER = YES;
				CLANG_WARN_RANGE_LOOP_ANALYSIS = YES;
				CLANG_WARN_STRICT_PROTOTYPES = YES;
				CLANG_WARN_SUSPICIOUS_MOVE = YES;
				CLANG_WARN_UNGUARDED_AVAILABILITY = YES_AGGRESSIVE;
				CLANG_WARN_UNREACHABLE_CODE = YES;
				CLANG_WARN__DUPLICATE_METHOD_MATCH = YES;
				COPY_PHASE_STRIP = NO;
				DEBUG_INFORMATION_FORMAT = "dwarf-with-dsym";
				ENABLE_NS_ASSERTIONS = NO;
				ENABLE_STRICT_OBJC_MSGSEND = YES;
				ENABLE_USER_SCRIPT_SANDBOXING = YES;
				GCC_C_LANGUAGE_STANDARD = gnu17;
				GCC_NO_COMMON_BLOCKS = YES;
				GCC_WARN_64_TO_32_BIT_CONVERSION = YES;
				GCC_WARN_ABOUT_RETURN_TYPE = YES_ERROR;
				GCC_WARN_UNDECLARED_SELECTOR = YES;
				GCC_WARN_UNINITIALIZED_AUTOS = YES_AGGRESSIVE;
				GCC_WARN_UNUSED_FUNCTION = YES;
				GCC_WARN_UNUSED_VARIABLE = YES;
				IPHONEOS_DEPLOYMENT_TARGET = 17.4;
				LOCALIZATION_PREFERS_STRING_CATALOGS = YES;
				MTL_ENABLE_DEBUG_INFO = NO;
				MTL_FAST_MATH = YES;
				SDKROOT = iphoneos;
				SWIFT_COMPILATION_MODE = wholemodule;
				SWIFT_VERSION = 5.0;
				VALIDATE_PRODUCT = YES;
			};
			name = Release;
		};
		E105EEF92BEA9BB800A9257F /* Debug */ = {
			isa = XCBuildConfiguration;
			buildSettings = {
				ASSETCATALOG_COMPILER_APPICON_NAME = AppIcon;
				ASSETCATALOG_COMPILER_GLOBAL_ACCENT_COLOR_NAME = AccentColor;
				CODE_SIGN_STYLE = Automatic;
				CURRENT_PROJECT_VERSION = 1;
				DEVELOPMENT_TEAM = 5U3H44JGNP;
				GENERATE_INFOPLIST_FILE = YES;
				INFOPLIST_FILE = GeminiClone/Info.plist;
				INFOPLIST_KEY_UIApplicationSupportsIndirectInputEvents = YES;
				INFOPLIST_KEY_UILaunchStoryboardName = LaunchScreen;
				INFOPLIST_KEY_UISupportedInterfaceOrientations_iPad = "UIInterfaceOrientationPortrait UIInterfaceOrientationPortraitUpsideDown UIInterfaceOrientationLandscapeLeft UIInterfaceOrientationLandscapeRight";
				INFOPLIST_KEY_UISupportedInterfaceOrientations_iPhone = "UIInterfaceOrientationPortrait UIInterfaceOrientationLandscapeLeft UIInterfaceOrientationLandscapeRight";
				LD_RUNPATH_SEARCH_PATHS = (
					"$(inherited)",
					"@executable_path/Frameworks",
				);
				MARKETING_VERSION = 1.0;
				PRODUCT_BUNDLE_IDENTIFIER = altankoray.GeminiClone;
				PRODUCT_NAME = "$(TARGET_NAME)";
				SWIFT_EMIT_LOC_STRINGS = YES;
				SWIFT_VERSION = 5.0;
				TARGETED_DEVICE_FAMILY = "1,2";
			};
			name = Debug;
		};
		E105EEFA2BEA9BB800A9257F /* Release */ = {
			isa = XCBuildConfiguration;
			buildSettings = {
				ASSETCATALOG_COMPILER_APPICON_NAME = AppIcon;
				ASSETCATALOG_COMPILER_GLOBAL_ACCENT_COLOR_NAME = AccentColor;
				CODE_SIGN_STYLE = Automatic;
				CURRENT_PROJECT_VERSION = 1;
				DEVELOPMENT_TEAM = 5U3H44JGNP;
				GENERATE_INFOPLIST_FILE = YES;
				INFOPLIST_FILE = GeminiClone/Info.plist;
				INFOPLIST_KEY_UIApplicationSupportsIndirectInputEvents = YES;
				INFOPLIST_KEY_UILaunchStoryboardName = LaunchScreen;
				INFOPLIST_KEY_UISupportedInterfaceOrientations_iPad = "UIInterfaceOrientationPortrait UIInterfaceOrientationPortraitUpsideDown UIInterfaceOrientationLandscapeLeft UIInterfaceOrientationLandscapeRight";
				INFOPLIST_KEY_UISupportedInterfaceOrientations_iPhone = "UIInterfaceOrientationPortrait UIInterfaceOrientationLandscapeLeft UIInterfaceOrientationLandscapeRight";
				LD_RUNPATH_SEARCH_PATHS = (
					"$(inherited)",
					"@executable_path/Frameworks",
				);
				MARKETING_VERSION = 1.0;
				PRODUCT_BUNDLE_IDENTIFIER = altankoray.GeminiClone;
				PRODUCT_NAME = "$(TARGET_NAME)";
				SWIFT_EMIT_LOC_STRINGS = YES;
				SWIFT_VERSION = 5.0;
				TARGETED_DEVICE_FAMILY = "1,2";
			};
			name = Release;
		};
		E105EEFC2BEA9BB800A9257F /* Debug */ = {
			isa = XCBuildConfiguration;
			buildSettings = {
				ALWAYS_EMBED_SWIFT_STANDARD_LIBRARIES = YES;
				BUNDLE_LOADER = "$(TEST_HOST)";
				CODE_SIGN_STYLE = Automatic;
				CURRENT_PROJECT_VERSION = 1;
				DEVELOPMENT_TEAM = 5U3H44JGNP;
				GENERATE_INFOPLIST_FILE = YES;
				IPHONEOS_DEPLOYMENT_TARGET = 17.4;
				MARKETING_VERSION = 1.0;
				PRODUCT_BUNDLE_IDENTIFIER = altankoray.GeminiCloneTests;
				PRODUCT_NAME = "$(TARGET_NAME)";
				SWIFT_EMIT_LOC_STRINGS = NO;
				SWIFT_VERSION = 5.0;
				TARGETED_DEVICE_FAMILY = "1,2";
				TEST_HOST = "$(BUILT_PRODUCTS_DIR)/GeminiClone.app/$(BUNDLE_EXECUTABLE_FOLDER_PATH)/GeminiClone";
			};
			name = Debug;
		};
		E105EEFD2BEA9BB800A9257F /* Release */ = {
			isa = XCBuildConfiguration;
			buildSettings = {
				ALWAYS_EMBED_SWIFT_STANDARD_LIBRARIES = YES;
				BUNDLE_LOADER = "$(TEST_HOST)";
				CODE_SIGN_STYLE = Automatic;
				CURRENT_PROJECT_VERSION = 1;
				DEVELOPMENT_TEAM = 5U3H44JGNP;
				GENERATE_INFOPLIST_FILE = YES;
				IPHONEOS_DEPLOYMENT_TARGET = 17.4;
				MARKETING_VERSION = 1.0;
				PRODUCT_BUNDLE_IDENTIFIER = altankoray.GeminiCloneTests;
				PRODUCT_NAME = "$(TARGET_NAME)";
				SWIFT_EMIT_LOC_STRINGS = NO;
				SWIFT_VERSION = 5.0;
				TARGETED_DEVICE_FAMILY = "1,2";
				TEST_HOST = "$(BUILT_PRODUCTS_DIR)/GeminiClone.app/$(BUNDLE_EXECUTABLE_FOLDER_PATH)/GeminiClone";
			};
			name = Release;
		};
		E105EEFF2BEA9BB800A9257F /* Debug */ = {
			isa = XCBuildConfiguration;
			buildSettings = {
				ALWAYS_EMBED_SWIFT_STANDARD_LIBRARIES = YES;
				CODE_SIGN_STYLE = Automatic;
				CURRENT_PROJECT_VERSION = 1;
				DEVELOPMENT_TEAM = 5U3H44JGNP;
				GENERATE_INFOPLIST_FILE = YES;
				MARKETING_VERSION = 1.0;
				PRODUCT_BUNDLE_IDENTIFIER = altankoray.GeminiCloneUITests;
				PRODUCT_NAME = "$(TARGET_NAME)";
				SWIFT_EMIT_LOC_STRINGS = NO;
				SWIFT_VERSION = 5.0;
				TARGETED_DEVICE_FAMILY = "1,2";
				TEST_TARGET_NAME = GeminiClone;
			};
			name = Debug;
		};
		E105EF002BEA9BB800A9257F /* Release */ = {
			isa = XCBuildConfiguration;
			buildSettings = {
				ALWAYS_EMBED_SWIFT_STANDARD_LIBRARIES = YES;
				CODE_SIGN_STYLE = Automatic;
				CURRENT_PROJECT_VERSION = 1;
				DEVELOPMENT_TEAM = 5U3H44JGNP;
				GENERATE_INFOPLIST_FILE = YES;
				MARKETING_VERSION = 1.0;
				PRODUCT_BUNDLE_IDENTIFIER = altankoray.GeminiCloneUITests;
				PRODUCT_NAME = "$(TARGET_NAME)";
				SWIFT_EMIT_LOC_STRINGS = NO;
				SWIFT_VERSION = 5.0;
				TARGETED_DEVICE_FAMILY = "1,2";
				TEST_TARGET_NAME = GeminiClone;
			};
			name = Release;
		};
/* End XCBuildConfiguration section */

/* Begin XCConfigurationList section */
		E105EEC92BEA9BB600A9257F /* Build configuration list for PBXProject "GeminiClone" */ = {
			isa = XCConfigurationList;
			buildConfigurations = (
				E105EEF62BEA9BB800A9257F /* Debug */,
				E105EEF72BEA9BB800A9257F /* Release */,
			);
			defaultConfigurationIsVisible = 0;
			defaultConfigurationName = Release;
		};
		E105EEF82BEA9BB800A9257F /* Build configuration list for PBXNativeTarget "GeminiClone" */ = {
			isa = XCConfigurationList;
			buildConfigurations = (
				E105EEF92BEA9BB800A9257F /* Debug */,
				E105EEFA2BEA9BB800A9257F /* Release */,
			);
			defaultConfigurationIsVisible = 0;
			defaultConfigurationName = Release;
		};
		E105EEFB2BEA9BB800A9257F /* Build configuration list for PBXNativeTarget "GeminiCloneTests" */ = {
			isa = XCConfigurationList;
			buildConfigurations = (
				E105EEFC2BEA9BB800A9257F /* Debug */,
				E105EEFD2BEA9BB800A9257F /* Release */,
			);
			defaultConfigurationIsVisible = 0;
			defaultConfigurationName = Release;
		};
		E105EEFE2BEA9BB800A9257F /* Build configuration list for PBXNativeTarget "GeminiCloneUITests" */ = {
			isa = XCConfigurationList;
			buildConfigurations = (
				E105EEFF2BEA9BB800A9257F /* Debug */,
				E105EF002BEA9BB800A9257F /* Release */,
			);
			defaultConfigurationIsVisible = 0;
			defaultConfigurationName = Release;
		};
/* End XCConfigurationList section */

/* Begin XCRemoteSwiftPackageReference section */
		E1472A182C0E4B6A006AABF8 /* XCRemoteSwiftPackageReference "generative-ai-swift" */ = {
			isa = XCRemoteSwiftPackageReference;
			repositoryURL = "https://github.com/google/generative-ai-swift";
			requirement = {
				kind = upToNextMajorVersion;
				minimumVersion = 0.5.4;
			};
		};
		E1E3A1212C14D3C50093CCB3 /* XCRemoteSwiftPackageReference "SwiftyMarkdown" */ = {
			isa = XCRemoteSwiftPackageReference;
			repositoryURL = "https://github.com/SimonFairbairn/SwiftyMarkdown.git";
			requirement = {
				kind = upToNextMajorVersion;
				minimumVersion = 1.2.4;
			};
		};
/* End XCRemoteSwiftPackageReference section */

/* Begin XCSwiftPackageProductDependency section */
		E1472A192C0E4B6A006AABF8 /* GoogleGenerativeAI */ = {
			isa = XCSwiftPackageProductDependency;
			package = E1472A182C0E4B6A006AABF8 /* XCRemoteSwiftPackageReference "generative-ai-swift" */;
			productName = GoogleGenerativeAI;
		};
		E1E3A1222C14D3C50093CCB3 /* SwiftyMarkdown */ = {
			isa = XCSwiftPackageProductDependency;
			package = E1E3A1212C14D3C50093CCB3 /* XCRemoteSwiftPackageReference "SwiftyMarkdown" */;
			productName = SwiftyMarkdown;
		};
/* End XCSwiftPackageProductDependency section */
	};
	rootObject = E105EEC62BEA9BB600A9257F /* Project object */;
}
